// !$*UTF8*$!
{
	archiveVersion = 1;
	classes = {
	};
	objectVersion = 51;
	objects = {

/* Begin PBXBuildFile section */
		C0C5F37823A1B6230067549B /* AppDelegate.swift in Sources */ = {isa = PBXBuildFile; fileRef = C0C5F37723A1B6230067549B /* AppDelegate.swift */; };
		C0C5F37A23A1B6230067549B /* ViewController.swift in Sources */ = {isa = PBXBuildFile; fileRef = C0C5F37923A1B6230067549B /* ViewController.swift */; };
		C0C5F37D23A1B6230067549B /* Main.storyboard in Resources */ = {isa = PBXBuildFile; fileRef = C0C5F37B23A1B6230067549B /* Main.storyboard */; };
		C0C5F37F23A1B6240067549B /* Assets.xcassets in Resources */ = {isa = PBXBuildFile; fileRef = C0C5F37E23A1B6240067549B /* Assets.xcassets */; };
		C0C5F38223A1B6240067549B /* LaunchScreen.storyboard in Resources */ = {isa = PBXBuildFile; fileRef = C0C5F38023A1B6240067549B /* LaunchScreen.storyboard */; };
		C0E757CD23A1BCE10021C377 /* GoogleService-Info.plist in Resources */ = {isa = PBXBuildFile; fileRef = C0E757CC23A1BCE10021C377 /* GoogleService-Info.plist */; };
		E0BE7312DF2826221416353A /* Pods_bmi_test.framework in Frameworks */ = {isa = PBXBuildFile; fileRef = 82ED0BC327A712727E09CC93 /* Pods_bmi_test.framework */; };
/* End PBXBuildFile section */

/* Begin PBXFileReference section */
		411C624A034EF5727CC2948D /* Pods-bmi_test.release.xcconfig */ = {isa = PBXFileReference; includeInIndex = 1; lastKnownFileType = text.xcconfig; name = "Pods-bmi_test.release.xcconfig"; path = "Target Support Files/Pods-bmi_test/Pods-bmi_test.release.xcconfig"; sourceTree = "<group>"; };
		617B94CE7BC1A67E47A6901F /* Pods-bmi_test.debug.xcconfig */ = {isa = PBXFileReference; includeInIndex = 1; lastKnownFileType = text.xcconfig; name = "Pods-bmi_test.debug.xcconfig"; path = "Target Support Files/Pods-bmi_test/Pods-bmi_test.debug.xcconfig"; sourceTree = "<group>"; };
		82ED0BC327A712727E09CC93 /* Pods_bmi_test.framework */ = {isa = PBXFileReference; explicitFileType = wrapper.framework; includeInIndex = 0; path = Pods_bmi_test.framework; sourceTree = BUILT_PRODUCTS_DIR; };
		C0C5F37423A1B6230067549B /* bmi_test.app */ = {isa = PBXFileReference; explicitFileType = wrapper.application; includeInIndex = 0; path = bmi_test.app; sourceTree = BUILT_PRODUCTS_DIR; };
		C0C5F37723A1B6230067549B /* AppDelegate.swift */ = {isa = PBXFileReference; lastKnownFileType = sourcecode.swift; path = AppDelegate.swift; sourceTree = "<group>"; };
		C0C5F37923A1B6230067549B /* ViewController.swift */ = {isa = PBXFileReference; lastKnownFileType = sourcecode.swift; path = ViewController.swift; sourceTree = "<group>"; };
		C0C5F37C23A1B6230067549B /* Base */ = {isa = PBXFileReference; lastKnownFileType = file.storyboard; name = Base; path = Base.lproj/Main.storyboard; sourceTree = "<group>"; };
		C0C5F37E23A1B6240067549B /* Assets.xcassets */ = {isa = PBXFileReference; lastKnownFileType = folder.assetcatalog; path = Assets.xcassets; sourceTree = "<group>"; };
		C0C5F38123A1B6240067549B /* Base */ = {isa = PBXFileReference; lastKnownFileType = file.storyboard; name = Base; path = Base.lproj/LaunchScreen.storyboard; sourceTree = "<group>"; };
		C0C5F38323A1B6240067549B /* Info.plist */ = {isa = PBXFileReference; lastKnownFileType = text.plist.xml; path = Info.plist; sourceTree = "<group>"; };
		C0E757CC23A1BCE10021C377 /* GoogleService-Info.plist */ = {isa = PBXFileReference; fileEncoding = 4; lastKnownFileType = text.plist.xml; path = "GoogleService-Info.plist"; sourceTree = SOURCE_ROOT; };
/* End PBXFileReference section */

/* Begin PBXFrameworksBuildPhase section */
		C0C5F37123A1B6230067549B /* Frameworks */ = {
			isa = PBXFrameworksBuildPhase;
			buildActionMask = 2147483647;
			files = (
				E0BE7312DF2826221416353A /* Pods_bmi_test.framework in Frameworks */,
			);
			runOnlyForDeploymentPostprocessing = 0;
		};
/* End PBXFrameworksBuildPhase section */

/* Begin PBXGroup section */
		477736766440E9E2267BBB66 /* Pods */ = {
			isa = PBXGroup;
			children = (
				617B94CE7BC1A67E47A6901F /* Pods-bmi_test.debug.xcconfig */,
				411C624A034EF5727CC2948D /* Pods-bmi_test.release.xcconfig */,
			);
			path = Pods;
			sourceTree = "<group>";
		};
		BEFDC49CEB958753B7FC40BA /* Frameworks */ = {
			isa = PBXGroup;
			children = (
				82ED0BC327A712727E09CC93 /* Pods_bmi_test.framework */,
			);
			name = Frameworks;
			sourceTree = "<group>";
		};
		C0C5F36B23A1B6230067549B = {
			isa = PBXGroup;
			children = (
				C0C5F37623A1B6230067549B /* bmi_test */,
				C0C5F37523A1B6230067549B /* Products */,
				477736766440E9E2267BBB66 /* Pods */,
				BEFDC49CEB958753B7FC40BA /* Frameworks */,
			);
			sourceTree = "<group>";
		};
		C0C5F37523A1B6230067549B /* Products */ = {
			isa = PBXGroup;
			children = (
				C0C5F37423A1B6230067549B /* bmi_test.app */,
			);
			name = Products;
			sourceTree = "<group>";
		};
		C0C5F37623A1B6230067549B /* bmi_test */ = {
			isa = PBXGroup;
			children = (
				C0C5F37723A1B6230067549B /* AppDelegate.swift */,
				C0C5F37923A1B6230067549B /* ViewController.swift */,
				C0C5F37B23A1B6230067549B /* Main.storyboard */,
				C0C5F37E23A1B6240067549B /* Assets.xcassets */,
				C0C5F38023A1B6240067549B /* LaunchScreen.storyboard */,
				C0C5F38323A1B6240067549B /* Info.plist */,
				C0E757CC23A1BCE10021C377 /* GoogleService-Info.plist */,
			);
			path = bmi_test;
			sourceTree = "<group>";
		};
/* End PBXGroup section */

/* Begin PBXNativeTarget section */
		C0C5F37323A1B6230067549B /* bmi_test */ = {
			isa = PBXNativeTarget;
			buildConfigurationList = C0C5F38623A1B6240067549B /* Build configuration list for PBXNativeTarget "bmi_test" */;
			buildPhases = (
				560DF72A2C4190169D990262 /* [CP] Check Pods Manifest.lock */,
				C0C5F37023A1B6230067549B /* Sources */,
				C0C5F37123A1B6230067549B /* Frameworks */,
				C0C5F37223A1B6230067549B /* Resources */,
				F47D636FDDFF6F196D59D3CF /* [CP] Embed Pods Frameworks */,
			);
			buildRules = (
			);
			dependencies = (
			);
			name = bmi_test;
			productName = bmi_test;
			productReference = C0C5F37423A1B6230067549B /* bmi_test.app */;
			productType = "com.apple.product-type.application";
		};
/* End PBXNativeTarget section */

/* Begin PBXProject section */
		C0C5F36C23A1B6230067549B /* Project object */ = {
			isa = PBXProject;
			attributes = {
				LastSwiftUpdateCheck = 1030;
				LastUpgradeCheck = 1030;
				ORGANIZATIONNAME = Applications;
				TargetAttributes = {
					C0C5F37323A1B6230067549B = {
						CreatedOnToolsVersion = 10.3;
					};
				};
			};
			buildConfigurationList = C0C5F36F23A1B6230067549B /* Build configuration list for PBXProject "bmi_test" */;
			compatibilityVersion = "Xcode 9.3";
			developmentRegion = en;
			hasScannedForEncodings = 0;
			knownRegions = (
				en,
				Base,
			);
			mainGroup = C0C5F36B23A1B6230067549B;
			productRefGroup = C0C5F37523A1B6230067549B /* Products */;
			projectDirPath = "";
			projectRoot = "";
			targets = (
				C0C5F37323A1B6230067549B /* bmi_test */,
			);
		};
/* End PBXProject section */

/* Begin PBXResourcesBuildPhase section */
		C0C5F37223A1B6230067549B /* Resources */ = {
			isa = PBXResourcesBuildPhase;
			buildActionMask = 2147483647;
			files = (
				C0C5F38223A1B6240067549B /* LaunchScreen.storyboard in Resources */,
				C0E757CD23A1BCE10021C377 /* GoogleService-Info.plist in Resources */,
				C0C5F37F23A1B6240067549B /* Assets.xcassets in Resources */,
				C0C5F37D23A1B6230067549B /* Main.storyboard in Resources */,
			);
			runOnlyForDeploymentPostprocessing = 0;
		};
/* End PBXResourcesBuildPhase section */

/* Begin PBXShellScriptBuildPhase section */
		560DF72A2C4190169D990262 /* [CP] Check Pods Manifest.lock */ = {
			isa = PBXShellScriptBuildPhase;
			buildActionMask = 2147483647;
			files = (
			);
			inputFileListPaths = (
			);
			inputPaths = (
				"${PODS_PODFILE_DIR_PATH}/Podfile.lock",
				"${PODS_ROOT}/Manifest.lock",
			);
			name = "[CP] Check Pods Manifest.lock";
			outputFileListPaths = (
			);
			outputPaths = (
				"$(DERIVED_FILE_DIR)/Pods-bmi_test-checkManifestLockResult.txt",
			);
			runOnlyForDeploymentPostprocessing = 0;
			shellPath = /bin/sh;
			shellScript = "diff \"${PODS_PODFILE_DIR_PATH}/Podfile.lock\" \"${PODS_ROOT}/Manifest.lock\" > /dev/null\nif [ $? != 0 ] ; then\n    # print error to STDERR\n    echo \"error: The sandbox is not in sync with the Podfile.lock. Run 'pod install' or update your CocoaPods installation.\" >&2\n    exit 1\nfi\n# This output is used by Xcode 'outputs' to avoid re-running this script phase.\necho \"SUCCESS\" > \"${SCRIPT_OUTPUT_FILE_0}\"\n";
			showEnvVarsInLog = 0;
		};
		F47D636FDDFF6F196D59D3CF /* [CP] Embed Pods Frameworks */ = {
			isa = PBXShellScriptBuildPhase;
			buildActionMask = 2147483647;
			files = (
			);
			inputFileListPaths = (
				"${PODS_ROOT}/Target Support Files/Pods-bmi_test/Pods-bmi_test-frameworks-${CONFIGURATION}-input-files.xcfilelist",
			);
			name = "[CP] Embed Pods Frameworks";
			outputFileListPaths = (
				"${PODS_ROOT}/Target Support Files/Pods-bmi_test/Pods-bmi_test-frameworks-${CONFIGURATION}-output-files.xcfilelist",
			);
			runOnlyForDeploymentPostprocessing = 0;
			shellPath = /bin/sh;
			shellScript = "\"${PODS_ROOT}/Target Support Files/Pods-bmi_test/Pods-bmi_test-frameworks.sh\"\n";
			showEnvVarsInLog = 0;
		};
/* End PBXShellScriptBuildPhase section */

/* Begin PBXSourcesBuildPhase section */
		C0C5F37023A1B6230067549B /* Sources */ = {
			isa = PBXSourcesBuildPhase;
			buildActionMask = 2147483647;
			files = (
				C0C5F37A23A1B6230067549B /* ViewController.swift in Sources */,
				C0C5F37823A1B6230067549B /* AppDelegate.swift in Sources */,
			);
			runOnlyForDeploymentPostprocessing = 0;
		};
/* End PBXSourcesBuildPhase section */

/* Begin PBXVariantGroup section */
		C0C5F37B23A1B6230067549B /* Main.storyboard */ = {
			isa = PBXVariantGroup;
			children = (
				C0C5F37C23A1B6230067549B /* Base */,
			);
			name = Main.storyboard;
			sourceTree = "<group>";
		};
		C0C5F38023A1B6240067549B /* LaunchScreen.storyboard */ = {
			isa = PBXVariantGroup;
			children = (
				C0C5F38123A1B6240067549B /* Base */,
			);
			name = LaunchScreen.storyboard;
			sourceTree = "<group>";
		};
/* End PBXVariantGroup section */

/* Begin XCBuildConfiguration section */
		C0C5F38423A1B6240067549B /* Debug */ = {
			isa = XCBuildConfiguration;
			buildSettings = {
				ALWAYS_SEARCH_USER_PATHS = NO;
				CLANG_ANALYZER_NONNULL = YES;
				CLANG_ANALYZER_NUMBER_OBJECT_CONVERSION = YES_AGGRESSIVE;
				CLANG_CXX_LANGUAGE_STANDARD = "gnu++14";
				CLANG_CXX_LIBRARY = "libc++";
				CLANG_ENABLE_MODULES = YES;
				CLANG_ENABLE_OBJC_ARC = YES;
				CLANG_ENABLE_OBJC_WEAK = YES;
				CLANG_WARN_BLOCK_CAPTURE_AUTORELEASING = YES;
				CLANG_WARN_BOOL_CONVERSION = YES;
				CLANG_WARN_COMMA = YES;
				CLANG_WARN_CONSTANT_CONVERSION = YES;
				CLANG_WARN_DEPRECATED_OBJC_IMPLEMENTATIONS = YES;
				CLANG_WARN_DIRECT_OBJC_ISA_USAGE = YES_ERROR;
				CLANG_WARN_DOCUMENTATION_COMMENTS = YES;
				CLANG_WARN_EMPTY_BODY = YES;
				CLANG_WARN_ENUM_CONVERSION = YES;
				CLANG_WARN_INFINITE_RECURSION = YES;
				CLANG_WARN_INT_CONVERSION = YES;
				CLANG_WARN_NON_LITERAL_NULL_CONVERSION = YES;
				CLANG_WARN_OBJC_IMPLICIT_RETAIN_SELF = YES;
				CLANG_WARN_OBJC_LITERAL_CONVERSION = YES;
				CLANG_WARN_OBJC_ROOT_CLASS = YES_ERROR;
				CLANG_WARN_RANGE_LOOP_ANALYSIS = YES;
				CLANG_WARN_STRICT_PROTOTYPES = YES;
				CLANG_WARN_SUSPICIOUS_MOVE = YES;
				CLANG_WARN_UNGUARDED_AVAILABILITY = YES_AGGRESSIVE;
				CLANG_WARN_UNREACHABLE_CODE = YES;
				CLANG_WARN__DUPLICATE_METHOD_MATCH = YES;
				CODE_SIGN_IDENTITY = "iPhone Developer";
				COPY_PHASE_STRIP = NO;
				DEBUG_INFORMATION_FORMAT = dwarf;
				ENABLE_STRICT_OBJC_MSGSEND = YES;
				ENABLE_TESTABILITY = YES;
				GCC_C_LANGUAGE_STANDARD = gnu11;
				GCC_DYNAMIC_NO_PIC = NO;
				GCC_NO_COMMON_BLOCKS = YES;
				GCC_OPTIMIZATION_LEVEL = 0;
				GCC_PREPROCESSOR_DEFINITIONS = (
					"DEBUG=1",
					"$(inherited)",
				);
				GCC_WARN_64_TO_32_BIT_CONVERSION = YES;
				GCC_WARN_ABOUT_RETURN_TYPE = YES_ERROR;
				GCC_WARN_UNDECLARED_SELECTOR = YES;
				GCC_WARN_UNINITIALIZED_AUTOS = YES_AGGRESSIVE;
				GCC_WARN_UNUSED_FUNCTION = YES;
				GCC_WARN_UNUSED_VARIABLE = YES;
				IPHONEOS_DEPLOYMENT_TARGET = 12.4;
				MTL_ENABLE_DEBUG_INFO = INCLUDE_SOURCE;
				MTL_FAST_MATH = YES;
				ONLY_ACTIVE_ARCH = YES;
				SDKROOT = iphoneos;
				SWIFT_ACTIVE_COMPILATION_CONDITIONS = DEBUG;
				SWIFT_OPTIMIZATION_LEVEL = "-Onone";
			};
			name = Debug;
		};
		C0C5F38523A1B6240067549B /* Release */ = {
			isa = XCBuildConfiguration;
			buildSettings = {
				ALWAYS_SEARCH_USER_PATHS = NO;
				CLANG_ANALYZER_NONNULL = YES;
				CLANG_ANALYZER_NUMBER_OBJECT_CONVERSION = YES_AGGRESSIVE;
				CLANG_CXX_LANGUAGE_STANDARD = "gnu++14";
				CLANG_CXX_LIBRARY = "libc++";
				CLANG_ENABLE_MODULES = YES;
				CLANG_ENABLE_OBJC_ARC = YES;
				CLANG_ENABLE_OBJC_WEAK = YES;
				CLANG_WARN_BLOCK_CAPTURE_AUTORELEASING = YES;
				CLANG_WARN_BOOL_CONVERSION = YES;
				CLANG_WARN_COMMA = YES;
				CLANG_WARN_CONSTANT_CONVERSION = YES;
				CLANG_WARN_DEPRECATED_OBJC_IMPLEMENTATIONS = YES;
				CLANG_WARN_DIRECT_OBJC_ISA_USAGE = YES_ERROR;
				CLANG_WARN_DOCUMENTATION_COMMENTS = YES;
				CLANG_WARN_EMPTY_BODY = YES;
				CLANG_WARN_ENUM_CONVERSION = YES;
				CLANG_WARN_INFINITE_RECURSION = YES;
				CLANG_WARN_INT_CONVERSION = YES;
				CLANG_WARN_NON_LITERAL_NULL_CONVERSION = YES;
				CLANG_WARN_OBJC_IMPLICIT_RETAIN_SELF = YES;
				CLANG_WARN_OBJC_LITERAL_CONVERSION = YES;
				CLANG_WARN_OBJC_ROOT_CLASS = YES_ERROR;
				CLANG_WARN_RANGE_LOOP_ANALYSIS = YES;
				CLANG_WARN_STRICT_PROTOTYPES = YES;
				CLANG_WARN_SUSPICIOUS_MOVE = YES;
				CLANG_WARN_UNGUARDED_AVAILABILITY = YES_AGGRESSIVE;
				CLANG_WARN_UNREACHABLE_CODE = YES;
				CLANG_WARN__DUPLICATE_METHOD_MATCH = YES;
				CODE_SIGN_IDENTITY = "iPhone Developer";
				COPY_PHASE_STRIP = NO;
				DEBUG_INFORMATION_FORMAT = "dwarf-with-dsym";
				ENABLE_NS_ASSERTIONS = NO;
				ENABLE_STRICT_OBJC_MSGSEND = YES;
				GCC_C_LANGUAGE_STANDARD = gnu11;
				GCC_NO_COMMON_BLOCKS = YES;
				GCC_WARN_64_TO_32_BIT_CONVERSION = YES;
				GCC_WARN_ABOUT_RETURN_TYPE = YES_ERROR;
				GCC_WARN_UNDECLARED_SELECTOR = YES;
				GCC_WARN_UNINITIALIZED_AUTOS = YES_AGGRESSIVE;
				GCC_WARN_UNUSED_FUNCTION = YES;
				GCC_WARN_UNUSED_VARIABLE = YES;
				IPHONEOS_DEPLOYMENT_TARGET = 12.4;
				MTL_ENABLE_DEBUG_INFO = NO;
				MTL_FAST_MATH = YES;
				SDKROOT = iphoneos;
				SWIFT_COMPILATION_MODE = wholemodule;
				SWIFT_OPTIMIZATION_LEVEL = "-O";
				VALIDATE_PRODUCT = YES;
			};
			name = Release;
		};
		C0C5F38723A1B6240067549B /* Debug */ = {
			isa = XCBuildConfiguration;
			baseConfigurationReference = 617B94CE7BC1A67E47A6901F /* Pods-bmi_test.debug.xcconfig */;
			buildSettings = {
				ASSETCATALOG_COMPILER_APPICON_NAME = AppIcon;
				CODE_SIGN_STYLE = Automatic;
				DEVELOPMENT_TEAM = 2BULHRS882;
				INFOPLIST_FILE = bmi_test/Info.plist;
				LD_RUNPATH_SEARCH_PATHS = (
					"$(inherited)",
					"@executable_path/Frameworks",
				);
				PRODUCT_BUNDLE_IDENTIFIER = "com.Developer.bmi-test";
				PRODUCT_NAME = "$(TARGET_NAME)";
				SWIFT_VERSION = 5.0;
				TARGETED_DEVICE_FAMILY = "1,2";
			};
			name = Debug;
		};
		C0C5F38823A1B6240067549B /* Release */ = {
			isa = XCBuildConfiguration;
			baseConfigurationReference = 411C624A034EF5727CC2948D /* Pods-bmi_test.release.xcconfig */;
			buildSettings = {
				ASSETCATALOG_COMPILER_APPICON_NAME = AppIcon;
				CODE_SIGN_STYLE = Automatic;
				DEVELOPMENT_TEAM = 2BULHRS882;
				INFOPLIST_FILE = bmi_test/Info.plist;
				LD_RUNPATH_SEARCH_PATHS = (
					"$(inherited)",
					"@executable_path/Frameworks",
				);
				PRODUCT_BUNDLE_IDENTIFIER = "com.Developer.bmi-test";
				PRODUCT_NAME = "$(TARGET_NAME)";
				SWIFT_VERSION = 5.0;
				TARGETED_DEVICE_FAMILY = "1,2";
			};
			name = Release;
		};
/* End XCBuildConfiguration section */

/* Begin XCConfigurationList section */
		C0C5F36F23A1B6230067549B /* Build configuration list for PBXProject "bmi_test" */ = {
			isa = XCConfigurationList;
			buildConfigurations = (
				C0C5F38423A1B6240067549B /* Debug */,
				C0C5F38523A1B6240067549B /* Release */,
			);
			defaultConfigurationIsVisible = 0;
			defaultConfigurationName = Release;
		};
		C0C5F38623A1B6240067549B /* Build configuration list for PBXNativeTarget "bmi_test" */ = {
			isa = XCConfigurationList;
			buildConfigurations = (
				C0C5F38723A1B6240067549B /* Debug */,
				C0C5F38823A1B6240067549B /* Release */,
			);
			defaultConfigurationIsVisible = 0;
			defaultConfigurationName = Release;
		};
/* End XCConfigurationList section */
	};
	rootObject = C0C5F36C23A1B6230067549B /* Project object */;
}
